// !$*UTF8*$!
{
	archiveVersion = 1;
	classes = {
	};
	objectVersion = 56;
	objects = {

/* Begin PBXBuildFile section */
		2D97EE7C296097720092F681 /* Chromaton Watch App.app in Embed Watch Content */ = {isa = PBXBuildFile; fileRef = 2D97EE7B296097720092F681 /* Chromaton Watch App.app */; settings = {ATTRIBUTES = (RemoveHeadersOnCopy, ); }; };
		2D97EE85296097720092F681 /* Assets.xcassets in Resources */ = {isa = PBXBuildFile; fileRef = 2D97EE84296097720092F681 /* Assets.xcassets */; };
		2D97EE88296097720092F681 /* Preview Assets.xcassets in Resources */ = {isa = PBXBuildFile; fileRef = 2D97EE87296097720092F681 /* Preview Assets.xcassets */; };
		2D97EE97296098860092F681 /* ChromatonSim.swift in Sources */ = {isa = PBXBuildFile; fileRef = 2D97EE92296098860092F681 /* ChromatonSim.swift */; };
		2D97EE98296098860092F681 /* ChromatonApp.swift in Sources */ = {isa = PBXBuildFile; fileRef = 2D97EE93296098860092F681 /* ChromatonApp.swift */; };
		2D97EE99296098860092F681 /* ChromatonScene.swift in Sources */ = {isa = PBXBuildFile; fileRef = 2D97EE94296098860092F681 /* ChromatonScene.swift */; };
		2D97EE9A296098860092F681 /* ChromatonExtensionDelegate.swift in Sources */ = {isa = PBXBuildFile; fileRef = 2D97EE95296098860092F681 /* ChromatonExtensionDelegate.swift */; };
		2D97EE9B296098860092F681 /* ContentView.swift in Sources */ = {isa = PBXBuildFile; fileRef = 2D97EE96296098860092F681 /* ContentView.swift */; };
/* End PBXBuildFile section */

/* Begin PBXContainerItemProxy section */
		2D97EE7D296097720092F681 /* PBXContainerItemProxy */ = {
			isa = PBXContainerItemProxy;
			containerPortal = 2D97EE6F296097720092F681 /* Project object */;
			proxyType = 1;
			remoteGlobalIDString = 2D97EE7A296097720092F681;
			remoteInfo = "Chromaton Watch App";
		};
/* End PBXContainerItemProxy section */

/* Begin PBXCopyFilesBuildPhase section */
		2D97EE8E296097720092F681 /* Embed Watch Content */ = {
			isa = PBXCopyFilesBuildPhase;
			buildActionMask = 2147483647;
			dstPath = "$(CONTENTS_FOLDER_PATH)/Watch";
			dstSubfolderSpec = 16;
			files = (
				2D97EE7C296097720092F681 /* Chromaton Watch App.app in Embed Watch Content */,
			);
			name = "Embed Watch Content";
			runOnlyForDeploymentPostprocessing = 0;
		};
/* End PBXCopyFilesBuildPhase section */

/* Begin PBXFileReference section */
		2D97EE75296097720092F681 /* Chromaton.app */ = {isa = PBXFileReference; explicitFileType = wrapper.application; includeInIndex = 0; path = Chromaton.app; sourceTree = BUILT_PRODUCTS_DIR; };
		2D97EE7B296097720092F681 /* Chromaton Watch App.app */ = {isa = PBXFileReference; explicitFileType = wrapper.application; includeInIndex = 0; path = "Chromaton Watch App.app"; sourceTree = BUILT_PRODUCTS_DIR; };
		2D97EE84296097720092F681 /* Assets.xcassets */ = {isa = PBXFileReference; lastKnownFileType = folder.assetcatalog; path = Assets.xcassets; sourceTree = "<group>"; };
		2D97EE87296097720092F681 /* Preview Assets.xcassets */ = {isa = PBXFileReference; lastKnownFileType = folder.assetcatalog; path = "Preview Assets.xcassets"; sourceTree = "<group>"; };
		2D97EE92296098860092F681 /* ChromatonSim.swift */ = {isa = PBXFileReference; fileEncoding = 4; lastKnownFileType = sourcecode.swift; path = ChromatonSim.swift; sourceTree = "<group>"; };
		2D97EE93296098860092F681 /* ChromatonApp.swift */ = {isa = PBXFileReference; fileEncoding = 4; lastKnownFileType = sourcecode.swift; path = ChromatonApp.swift; sourceTree = "<group>"; };
		2D97EE94296098860092F681 /* ChromatonScene.swift */ = {isa = PBXFileReference; fileEncoding = 4; lastKnownFileType = sourcecode.swift; path = ChromatonScene.swift; sourceTree = "<group>"; };
		2D97EE95296098860092F681 /* ChromatonExtensionDelegate.swift */ = {isa = PBXFileReference; fileEncoding = 4; lastKnownFileType = sourcecode.swift; path = ChromatonExtensionDelegate.swift; sourceTree = "<group>"; };
		2D97EE96296098860092F681 /* ContentView.swift */ = {isa = PBXFileReference; fileEncoding = 4; lastKnownFileType = sourcecode.swift; path = ContentView.swift; sourceTree = "<group>"; };
/* End PBXFileReference section */

/* Begin PBXFrameworksBuildPhase section */
		2D97EE78296097720092F681 /* Frameworks */ = {
			isa = PBXFrameworksBuildPhase;
			buildActionMask = 2147483647;
			files = (
			);
			runOnlyForDeploymentPostprocessing = 0;
		};
/* End PBXFrameworksBuildPhase section */

/* Begin PBXGroup section */
		2D97EE6E296097720092F681 = {
			isa = PBXGroup;
			children = (
				2D97EE7F296097720092F681 /* Chromaton Watch App */,
				2D97EE76296097720092F681 /* Products */,
			);
			sourceTree = "<group>";
		};
		2D97EE76296097720092F681 /* Products */ = {
			isa = PBXGroup;
			children = (
				2D97EE75296097720092F681 /* Chromaton.app */,
				2D97EE7B296097720092F681 /* Chromaton Watch App.app */,
			);
			name = Products;
			sourceTree = "<group>";
		};
		2D97EE7F296097720092F681 /* Chromaton Watch App */ = {
			isa = PBXGroup;
			children = (
				2D97EE93296098860092F681 /* ChromatonApp.swift */,
				2D97EE95296098860092F681 /* ChromatonExtensionDelegate.swift */,
				2D97EE94296098860092F681 /* ChromatonScene.swift */,
				2D97EE92296098860092F681 /* ChromatonSim.swift */,
				2D97EE96296098860092F681 /* ContentView.swift */,
				2D97EE84296097720092F681 /* Assets.xcassets */,
				2D97EE86296097720092F681 /* Preview Content */,
			);
			path = "Chromaton Watch App";
			sourceTree = "<group>";
		};
		2D97EE86296097720092F681 /* Preview Content */ = {
			isa = PBXGroup;
			children = (
				2D97EE87296097720092F681 /* Preview Assets.xcassets */,
			);
			path = "Preview Content";
			sourceTree = "<group>";
		};
/* End PBXGroup section */

/* Begin PBXNativeTarget section */
		2D97EE74296097720092F681 /* Chromaton */ = {
			isa = PBXNativeTarget;
			buildConfigurationList = 2D97EE8F296097720092F681 /* Build configuration list for PBXNativeTarget "Chromaton" */;
			buildPhases = (
				2D97EE73296097720092F681 /* Resources */,
				2D97EE8E296097720092F681 /* Embed Watch Content */,
			);
			buildRules = (
			);
			dependencies = (
				2D97EE7E296097720092F681 /* PBXTargetDependency */,
			);
			name = Chromaton;
			productName = Chromaton;
			productReference = 2D97EE75296097720092F681 /* Chromaton.app */;
			productType = "com.apple.product-type.application.watchapp2-container";
		};
		2D97EE7A296097720092F681 /* Chromaton Watch App */ = {
			isa = PBXNativeTarget;
			buildConfigurationList = 2D97EE8B296097720092F681 /* Build configuration list for PBXNativeTarget "Chromaton Watch App" */;
			buildPhases = (
				2D97EE77296097720092F681 /* Sources */,
				2D97EE78296097720092F681 /* Frameworks */,
				2D97EE79296097720092F681 /* Resources */,
			);
			buildRules = (
			);
			dependencies = (
			);
			name = "Chromaton Watch App";
			productName = "Chromaton Watch App";
			productReference = 2D97EE7B296097720092F681 /* Chromaton Watch App.app */;
			productType = "com.apple.product-type.application";
		};
/* End PBXNativeTarget section */

/* Begin PBXProject section */
		2D97EE6F296097720092F681 /* Project object */ = {
			isa = PBXProject;
			attributes = {
				BuildIndependentTargetsInParallel = 1;
				LastSwiftUpdateCheck = 1420;
				LastUpgradeCheck = 1420;
				TargetAttributes = {
					2D97EE74296097720092F681 = {
						CreatedOnToolsVersion = 14.2;
					};
					2D97EE7A296097720092F681 = {
						CreatedOnToolsVersion = 14.2;
						LastSwiftMigration = 1420;
					};
				};
			};
			buildConfigurationList = 2D97EE72296097720092F681 /* Build configuration list for PBXProject "Chromaton" */;
			compatibilityVersion = "Xcode 14.0";
			developmentRegion = en;
			hasScannedForEncodings = 0;
			knownRegions = (
				en,
				Base,
			);
			mainGroup = 2D97EE6E296097720092F681;
			productRefGroup = 2D97EE76296097720092F681 /* Products */;
			projectDirPath = "";
			projectRoot = "";
			targets = (
				2D97EE74296097720092F681 /* Chromaton */,
				2D97EE7A296097720092F681 /* Chromaton Watch App */,
			);
		};
/* End PBXProject section */

/* Begin PBXResourcesBuildPhase section */
		2D97EE73296097720092F681 /* Resources */ = {
			isa = PBXResourcesBuildPhase;
			buildActionMask = 2147483647;
			files = (
			);
			runOnlyForDeploymentPostprocessing = 0;
		};
		2D97EE79296097720092F681 /* Resources */ = {
			isa = PBXResourcesBuildPhase;
			buildActionMask = 2147483647;
			files = (
				2D97EE88296097720092F681 /* Preview Assets.xcassets in Resources */,
				2D97EE85296097720092F681 /* Assets.xcassets in Resources */,
			);
			runOnlyForDeploymentPostprocessing = 0;
		};
/* End PBXResourcesBuildPhase section */

/* Begin PBXSourcesBuildPhase section */
		2D97EE77296097720092F681 /* Sources */ = {
			isa = PBXSourcesBuildPhase;
			buildActionMask = 2147483647;
			files = (
				2D97EE9A296098860092F681 /* ChromatonExtensionDelegate.swift in Sources */,
				2D97EE9B296098860092F681 /* ContentView.swift in Sources */,
				2D97EE97296098860092F681 /* ChromatonSim.swift in Sources */,
				2D97EE98296098860092F681 /* ChromatonApp.swift in Sources */,
				2D97EE99296098860092F681 /* ChromatonScene.swift in Sources */,
			);
			runOnlyForDeploymentPostprocessing = 0;
		};
/* End PBXSourcesBuildPhase section */

/* Begin PBXTargetDependency section */
		2D97EE7E296097720092F681 /* PBXTargetDependency */ = {
			isa = PBXTargetDependency;
			target = 2D97EE7A296097720092F681 /* Chromaton Watch App */;
			targetProxy = 2D97EE7D296097720092F681 /* PBXContainerItemProxy */;
		};
/* End PBXTargetDependency section */

/* Begin XCBuildConfiguration section */
		2D97EE89296097720092F681 /* Debug */ = {
			isa = XCBuildConfiguration;
			buildSettings = {
				ALWAYS_SEARCH_USER_PATHS = NO;
				CLANG_ANALYZER_NONNULL = YES;
				CLANG_ANALYZER_NUMBER_OBJECT_CONVERSION = YES_AGGRESSIVE;
				CLANG_CXX_LANGUAGE_STANDARD = "gnu++20";
				CLANG_ENABLE_MODULES = YES;
				CLANG_ENABLE_OBJC_ARC = YES;
				CLANG_ENABLE_OBJC_WEAK = YES;
				CLANG_WARN_BLOCK_CAPTURE_AUTORELEASING = YES;
				CLANG_WARN_BOOL_CONVERSION = YES;
				CLANG_WARN_COMMA = YES;
				CLANG_WARN_CONSTANT_CONVERSION = YES;
				CLANG_WARN_DEPRECATED_OBJC_IMPLEMENTATIONS = YES;
				CLANG_WARN_DIRECT_OBJC_ISA_USAGE = YES_ERROR;
				CLANG_WARN_DOCUMENTATION_COMMENTS = YES;
				CLANG_WARN_EMPTY_BODY = YES;
				CLANG_WARN_ENUM_CONVERSION = YES;
				CLANG_WARN_INFINITE_RECURSION = YES;
				CLANG_WARN_INT_CONVERSION = YES;
				CLANG_WARN_NON_LITERAL_NULL_CONVERSION = YES;
				CLANG_WARN_OBJC_IMPLICIT_RETAIN_SELF = YES;
				CLANG_WARN_OBJC_LITERAL_CONVERSION = YES;
				CLANG_WARN_OBJC_ROOT_CLASS = YES_ERROR;
				CLANG_WARN_QUOTED_INCLUDE_IN_FRAMEWORK_HEADER = YES;
				CLANG_WARN_RANGE_LOOP_ANALYSIS = YES;
				CLANG_WARN_STRICT_PROTOTYPES = YES;
				CLANG_WARN_SUSPICIOUS_MOVE = YES;
				CLANG_WARN_UNGUARDED_AVAILABILITY = YES_AGGRESSIVE;
				CLANG_WARN_UNREACHABLE_CODE = YES;
				CLANG_WARN__DUPLICATE_METHOD_MATCH = YES;
				COPY_PHASE_STRIP = NO;
				DEBUG_INFORMATION_FORMAT = dwarf;
				ENABLE_STRICT_OBJC_MSGSEND = YES;
				ENABLE_TESTABILITY = YES;
				GCC_C_LANGUAGE_STANDARD = gnu11;
				GCC_DYNAMIC_NO_PIC = NO;
				GCC_NO_COMMON_BLOCKS = YES;
				GCC_OPTIMIZATION_LEVEL = 0;
				GCC_PREPROCESSOR_DEFINITIONS = (
					"DEBUG=1",
					"$(inherited)",
				);
				GCC_WARN_64_TO_32_BIT_CONVERSION = YES;
				GCC_WARN_ABOUT_RETURN_TYPE = YES_ERROR;
				GCC_WARN_UNDECLARED_SELECTOR = YES;
				GCC_WARN_UNINITIALIZED_AUTOS = YES_AGGRESSIVE;
				GCC_WARN_UNUSED_FUNCTION = YES;
				GCC_WARN_UNUSED_VARIABLE = YES;
				MTL_ENABLE_DEBUG_INFO = INCLUDE_SOURCE;
				MTL_FAST_MATH = YES;
				ONLY_ACTIVE_ARCH = YES;
				SWIFT_ACTIVE_COMPILATION_CONDITIONS = DEBUG;
				SWIFT_OPTIMIZATION_LEVEL = "-Onone";
			};
			name = Debug;
		};
		2D97EE8A296097720092F681 /* Release */ = {
			isa = XCBuildConfiguration;
			buildSettings = {
				ALWAYS_SEARCH_USER_PATHS = NO;
				CLANG_ANALYZER_NONNULL = YES;
				CLANG_ANALYZER_NUMBER_OBJECT_CONVERSION = YES_AGGRESSIVE;
				CLANG_CXX_LANGUAGE_STANDARD = "gnu++20";
				CLANG_ENABLE_MODULES = YES;
				CLANG_ENABLE_OBJC_ARC = YES;
				CLANG_ENABLE_OBJC_WEAK = YES;
				CLANG_WARN_BLOCK_CAPTURE_AUTORELEASING = YES;
				CLANG_WARN_BOOL_CONVERSION = YES;
				CLANG_WARN_COMMA = YES;
				CLANG_WARN_CONSTANT_CONVERSION = YES;
				CLANG_WARN_DEPRECATED_OBJC_IMPLEMENTATIONS = YES;
				CLANG_WARN_DIRECT_OBJC_ISA_USAGE = YES_ERROR;
				CLANG_WARN_DOCUMENTATION_COMMENTS = YES;
				CLANG_WARN_EMPTY_BODY = YES;
				CLANG_WARN_ENUM_CONVERSION = YES;
				CLANG_WARN_INFINITE_RECURSION = YES;
				CLANG_WARN_INT_CONVERSION = YES;
				CLANG_WARN_NON_LITERAL_NULL_CONVERSION = YES;
				CLANG_WARN_OBJC_IMPLICIT_RETAIN_SELF = YES;
				CLANG_WARN_OBJC_LITERAL_CONVERSION = YES;
				CLANG_WARN_OBJC_ROOT_CLASS = YES_ERROR;
				CLANG_WARN_QUOTED_INCLUDE_IN_FRAMEWORK_HEADER = YES;
				CLANG_WARN_RANGE_LOOP_ANALYSIS = YES;
				CLANG_WARN_STRICT_PROTOTYPES = YES;
				CLANG_WARN_SUSPICIOUS_MOVE = YES;
				CLANG_WARN_UNGUARDED_AVAILABILITY = YES_AGGRESSIVE;
				CLANG_WARN_UNREACHABLE_CODE = YES;
				CLANG_WARN__DUPLICATE_METHOD_MATCH = YES;
				COPY_PHASE_STRIP = NO;
				DEBUG_INFORMATION_FORMAT = "dwarf-with-dsym";
				ENABLE_NS_ASSERTIONS = NO;
				ENABLE_STRICT_OBJC_MSGSEND = YES;
				GCC_C_LANGUAGE_STANDARD = gnu11;
				GCC_NO_COMMON_BLOCKS = YES;
				GCC_WARN_64_TO_32_BIT_CONVERSION = YES;
				GCC_WARN_ABOUT_RETURN_TYPE = YES_ERROR;
				GCC_WARN_UNDECLARED_SELECTOR = YES;
				GCC_WARN_UNINITIALIZED_AUTOS = YES_AGGRESSIVE;
				GCC_WARN_UNUSED_FUNCTION = YES;
				GCC_WARN_UNUSED_VARIABLE = YES;
				MTL_ENABLE_DEBUG_INFO = NO;
				MTL_FAST_MATH = YES;
				SWIFT_COMPILATION_MODE = wholemodule;
				SWIFT_OPTIMIZATION_LEVEL = "-O";
			};
			name = Release;
		};
		2D97EE8C296097720092F681 /* Debug */ = {
			isa = XCBuildConfiguration;
			buildSettings = {
				ASSETCATALOG_COMPILER_APPICON_NAME = AppIcon;
				ASSETCATALOG_COMPILER_GLOBAL_ACCENT_COLOR_NAME = AccentColor;
				CLANG_ENABLE_MODULES = YES;
				CODE_SIGN_STYLE = Automatic;
				CURRENT_PROJECT_VERSION = 2;
				DEVELOPMENT_ASSET_PATHS = "\"Chromaton Watch App/Preview Content\"";
				DEVELOPMENT_TEAM = YE3Y8EE6RK;
				ENABLE_PREVIEWS = YES;
				GENERATE_INFOPLIST_FILE = YES;
				INFOPLIST_KEY_CFBundleDisplayName = Chromaton;
				INFOPLIST_KEY_UISupportedInterfaceOrientations = "UIInterfaceOrientationPortrait UIInterfaceOrientationPortraitUpsideDown";
				INFOPLIST_KEY_WKWatchOnly = YES;
				LD_RUNPATH_SEARCH_PATHS = (
					"$(inherited)",
					"@executable_path/Frameworks",
				);
				MARKETING_VERSION = 1.0;
				PRODUCT_BUNDLE_IDENTIFIER = alexcruikshank.Chromaton.watchkitapp;
				PRODUCT_NAME = "$(TARGET_NAME)";
				SDKROOT = watchos;
				SKIP_INSTALL = YES;
				SWIFT_EMIT_LOC_STRINGS = YES;
				SWIFT_OPTIMIZATION_LEVEL = "-Onone";
				SWIFT_VERSION = 5.0;
				TARGETED_DEVICE_FAMILY = 4;
				WATCHOS_DEPLOYMENT_TARGET = 8.5;
			};
			name = Debug;
		};
		2D97EE8D296097720092F681 /* Release */ = {
			isa = XCBuildConfiguration;
			buildSettings = {
				ASSETCATALOG_COMPILER_APPICON_NAME = AppIcon;
				ASSETCATALOG_COMPILER_GLOBAL_ACCENT_COLOR_NAME = AccentColor;
				CLANG_ENABLE_MODULES = YES;
				CODE_SIGN_STYLE = Automatic;
				CURRENT_PROJECT_VERSION = 2;
				DEVELOPMENT_ASSET_PATHS = "\"Chromaton Watch App/Preview Content\"";
				DEVELOPMENT_TEAM = YE3Y8EE6RK;
				ENABLE_PREVIEWS = YES;
				GENERATE_INFOPLIST_FILE = YES;
				INFOPLIST_KEY_CFBundleDisplayName = Chromaton;
				INFOPLIST_KEY_UISupportedInterfaceOrientations = "UIInterfaceOrientationPortrait UIInterfaceOrientationPortraitUpsideDown";
				INFOPLIST_KEY_WKWatchOnly = YES;
				LD_RUNPATH_SEARCH_PATHS = (
					"$(inherited)",
					"@executable_path/Frameworks",
				);
				MARKETING_VERSION = 1.0;
				PRODUCT_BUNDLE_IDENTIFIER = alexcruikshank.Chromaton.watchkitapp;
				PRODUCT_NAME = "$(TARGET_NAME)";
				SDKROOT = watchos;
				SKIP_INSTALL = YES;
				SWIFT_EMIT_LOC_STRINGS = YES;
				SWIFT_VERSION = 5.0;
				TARGETED_DEVICE_FAMILY = 4;
				VALIDATE_PRODUCT = YES;
				WATCHOS_DEPLOYMENT_TARGET = 8.5;
			};
			name = Release;
		};
		2D97EE90296097720092F681 /* Debug */ = {
			isa = XCBuildConfiguration;
			buildSettings = {
				ALWAYS_EMBED_SWIFT_STANDARD_LIBRARIES = YES;
				CODE_SIGN_STYLE = Automatic;
				CURRENT_PROJECT_VERSION = 1;
				DEVELOPMENT_TEAM = YE3Y8EE6RK;
				INFOPLIST_KEY_CFBundleDisplayName = Chromaton;
				MARKETING_VERSION = 1.0;
				PRODUCT_BUNDLE_IDENTIFIER = alexcruikshank.Chromaton;
				PRODUCT_NAME = "$(TARGET_NAME)";
				SDKROOT = iphoneos;
				SWIFT_VERSION = 5.0;
			};
			name = Debug;
		};
		2D97EE91296097720092F681 /* Release */ = {
			isa = XCBuildConfiguration;
			buildSettings = {
				ALWAYS_EMBED_SWIFT_STANDARD_LIBRARIES = YES;
				CODE_SIGN_STYLE = Automatic;
				CURRENT_PROJECT_VERSION = 1;
				DEVELOPMENT_TEAM = YE3Y8EE6RK;
				INFOPLIST_KEY_CFBundleDisplayName = Chromaton;
				MARKETING_VERSION = 1.0;
				PRODUCT_BUNDLE_IDENTIFIER = alexcruikshank.Chromaton;
				PRODUCT_NAME = "$(TARGET_NAME)";
				SDKROOT = iphoneos;
				SWIFT_VERSION = 5.0;
				VALIDATE_PRODUCT = YES;
			};
			name = Release;
		};
/* End XCBuildConfiguration section */

/* Begin XCConfigurationList section */
		2D97EE72296097720092F681 /* Build configuration list for PBXProject "Chromaton" */ = {
			isa = XCConfigurationList;
			buildConfigurations = (
				2D97EE89296097720092F681 /* Debug */,
				2D97EE8A296097720092F681 /* Release */,
			);
			defaultConfigurationIsVisible = 0;
			defaultConfigurationName = Release;
		};
		2D97EE8B296097720092F681 /* Build configuration list for PBXNativeTarget "Chromaton Watch App" */ = {
			isa = XCConfigurationList;
			buildConfigurations = (
				2D97EE8C296097720092F681 /* Debug */,
				2D97EE8D296097720092F681 /* Release */,
			);
			defaultConfigurationIsVisible = 0;
			defaultConfigurationName = Release;
		};
		2D97EE8F296097720092F681 /* Build configuration list for PBXNativeTarget "Chromaton" */ = {
			isa = XCConfigurationList;
			buildConfigurations = (
				2D97EE90296097720092F681 /* Debug */,
				2D97EE91296097720092F681 /* Release */,
			);
			defaultConfigurationIsVisible = 0;
			defaultConfigurationName = Release;
		};
/* End XCConfigurationList section */
	};
	rootObject = 2D97EE6F296097720092F681 /* Project object */;
}
